{
  "name": "nestjs-snippets",
  "version": "0.0.3",
  "lockfileVersion": 2,
  "requires": true,
  "packages": {
    "": {
      "version": "0.0.3",
      "license": "MIT",
      "devDependencies": {
        "@types/node": "^14.0.14",
        "@types/vscode": "^1.45.0",
        "typescript": "3.9.6"
      },
      "engines": {
        "vscode": "^1.55.2"
      }
    },
    "node_modules/@types/node": {
      "version": "14.17.5",
      "resolved": "https://registry.npmjs.org/@types/node/-/node-14.17.5.tgz",
      "integrity": "sha512-bjqH2cX/O33jXT/UmReo2pM7DIJREPMnarixbQ57DOOzzFaI6D2+IcwaJQaJpv0M1E9TIhPCYVxrkcityLjlqA==",
      "dev": true
    },
    "node_modules/@types/vscode": {
      "version": "1.58.0",
      "resolved": "https://registry.npmjs.org/@types/vscode/-/vscode-1.58.0.tgz",
      "integrity": "sha512-enznxcBi4uYt20LWal09E0+VKEHZlq9PZawTu/mpWCVCFWWbiyR8HNI1ikBP1Ypqv8b3A/0md3DY1jcx+oQ8kQ==",
      "dev": true
    },
    "node_modules/typescript": {
      "version": "3.9.6",
      "resolved": "https://registry.npmjs.org/typescript/-/typescript-3.9.6.tgz",
      "integrity": "sha512-Pspx3oKAPJtjNwE92YS05HQoY7z2SFyOpHo9MqJor3BXAGNaPUs83CuVp9VISFkSjyRfiTpmKuAYGJB7S7hOxw==",
      "dev": true,
      "bin": {
        "tsc": "bin/tsc",
        "tsserver": "bin/tsserver"
      },
      "engines": {
        "node": ">=4.2.0"
      }
    }
  },
  "dependencies": {
    "@types/node": {
      "version": "14.17.5",
      "resolved": "https://registry.npmjs.org/@types/node/-/node-14.17.5.tgz",
      "integrity": "sha512-bjqH2cX/O33jXT/UmReo2pM7DIJREPMnarixbQ57DOOzzFaI6D2+IcwaJQaJpv0M1E9TIhPCYVxrkcityLjlqA==",
      "dev": true
    },
    "@types/vscode": {
      "version": "1.58.0",
      "resolved": "https://registry.npmjs.org/@types/vscode/-/vscode-1.58.0.tgz",
      "integrity": "sha512-enznxcBi4uYt20LWal09E0+VKEHZlq9PZawTu/mpWCVCFWWbiyR8HNI1ikBP1Ypqv8b3A/0md3DY1jcx+oQ8kQ==",
      "dev": true
    },
    "typescript": {
      "version": "3.9.6",
      "resolved": "https://registry.npmjs.org/typescript/-/typescript-3.9.6.tgz",
      "integrity": "sha512-Pspx3oKAPJtjNwE92YS05HQoY7z2SFyOpHo9MqJor3BXAGNaPUs83CuVp9VISFkSjyRfiTpmKuAYGJB7S7hOxw==",
      "dev": true
    }
  }
}
